
Microsoft Visual Studio Solution File, Format Version 12.00
# Visual Studio Version 16
VisualStudioVersion = 16.0.29306.81
MinimumVisualStudioVersion = 10.0.40219.1
Project("{FAE04EC0-301F-11D3-BF4B-00C04F79EFBC}") = "Stunde 2", "Stunde 2\Stunde 2.csproj", "{47F9F156-63A7-40DA-A955-160B15F97AAF}"
EndProject
Global
	GlobalSection(SolutionConfigurationPlatforms) = preSolution
		Debug|Any CPU = Debug|Any CPU
		Release|Any CPU = Release|Any CPU
	EndGlobalSection
	GlobalSection(ProjectConfigurationPlatforms) = postSolution
		{47F9F156-63A7-40DA-A955-160B15F97AAF}.Debug|Any CPU.ActiveCfg = Debug|Any CPU
		{47F9F156-63A7-40DA-A955-160B15F97AAF}.Debug|Any CPU.Build.0 = Debug|Any CPU
		{47F9F156-63A7-40DA-A955-160B15F97AAF}.Release|Any CPU.ActiveCfg = Release|Any CPU
		{47F9F156-63A7-40DA-A955-160B15F97AAF}.Release|Any CPU.Build.0 = Release|Any CPU
	EndGlobalSection
	GlobalSection(SolutionProperties) = preSolution
		HideSolutionNode = FALSE
	EndGlobalSection
	GlobalSection(ExtensibilityGlobals) = postSolution
		SolutionGuid = {C4207A0E-23D1-4329-8BB1-EF9DCA3B86D0}
	EndGlobalSection
EndGlobal
